<?xml version="1.0" encoding="utf-8"?>
<Project ToolsVersion="4.0" xmlns="http://schemas.microsoft.com/developer/msbuild/2003">
  <ItemGroup>
    <Filter Include="Source Files">
      <UniqueIdentifier>{4FC737F1-C7A5-4376-A066-2A32D752A2FF}</UniqueIdentifier>
      <Extensions>cpp;c;cc;cxx;c++;cppm;ixx;def;odl;idl;hpj;bat;asm;asmx</Extensions>
    </Filter>
    <Filter Include="Header Files">
      <UniqueIdentifier>{93995380-89BD-4b04-88EB-625FBE52EBFB}</UniqueIdentifier>
      <Extensions>h;hh;hpp;hxx;h++;hm;inl;inc;ipp;xsd</Extensions>
    </Filter>
    <Filter Include="Resource Files">
      <UniqueIdentifier>{67DA6AB6-F800-4c08-8B7A-83BB121AAD01}</UniqueIdentifier>
      <Extensions>rc;ico;cur;bmp;dlg;rc2;rct;bin;rgs;gif;jpg;jpeg;jpe;resx;tiff;tif;png;wav;mfcribbon-ms</Extensions>
    </Filter>
    <Filter Include="Header Files\imGUI">
      <UniqueIdentifier>{70f1039b-38fb-440e-9535-3d36f45b8d2a}</UniqueIdentifier>
    </Filter>
    <Filter Include="Source Files\imGUI">
      <UniqueIdentifier>{5545ca58-ae5d-4603-93e7-433aa4db95b3}</UniqueIdentifier>
    </Filter>
  </ItemGroup>
  <ItemGroup>
    <ClCompile Include="Source.cpp">
      <Filter>Source Files</Filter>
    </ClCompile>
    <ClCompile Include="Core\Graphics\CPP\Window.cpp">
      <Filter>Source Files</Filter>
    </ClCompile>
    <ClCompile Include="Core\Graphics\CPP\Renderer.cpp">
      <Filter>Source Files</Filter>
    </ClCompile>
    <ClCompile Include="Core\Managers\CPP\ShaderManager.cpp">
      <Filter>Source Files</Filter>
    </ClCompile>
    <ClCompile Include="Requirements\glmIncludes.h">
      <Filter>Source Files</Filter>
    </ClCompile>
    <ClCompile Include="Misc\CPP\Helper.cpp">
      <Filter>Source Files</Filter>
    </ClCompile>
    <ClCompile Include="Core\Structure\CPP\Camera.cpp">
      <Filter>Source Files</Filter>
    </ClCompile>
    <ClCompile Include="OpenGL_Abstraction\CPP\Shader.cpp">
      <Filter>Source Files</Filter>
    </ClCompile>
    <ClCompile Include="Core\Managers\CPP\InputManager.cpp">
      <Filter>Source Files</Filter>
    </ClCompile>
    <ClCompile Include="Core\Framework\CPP\BaseLayer.cpp">
      <Filter>Source Files</Filter>
    </ClCompile>
    <ClCompile Include="Core\Framework\CPP\Application.cpp">
      <Filter>Source Files</Filter>
    </ClCompile>
    <ClCompile Include="Core\Framework\CPP\SandBoxLayer.cpp">
      <Filter>Source Files</Filter>
    </ClCompile>
    <ClCompile Include="Core\Structure\CPP\Texture.cpp">
      <Filter>Source Files</Filter>
    </ClCompile>
    <ClCompile Include="Core\Managers\CPP\TextureManager.cpp">
      <Filter>Source Files</Filter>
    </ClCompile>
    <ClCompile Include="Core\Managers\CPP\LightManager.cpp">
      <Filter>Source Files</Filter>
    </ClCompile>
    <ClCompile Include="external_libaries\include\STB_ImageLoader\stb_image.cpp">
      <Filter>Source Files</Filter>
    </ClCompile>
    <ClCompile Include="external_libaries\include\imGUI\imgui.cpp">
      <Filter>Source Files</Filter>
    </ClCompile>
    <ClCompile Include="external_libaries\include\imGUI\imgui_demo.cpp">
      <Filter>Source Files</Filter>
    </ClCompile>
    <ClCompile Include="external_libaries\include\imGUI\imgui_draw.cpp">
      <Filter>Source Files</Filter>
    </ClCompile>
    <ClCompile Include="external_libaries\include\imGUI\imgui_impl_glfw.cpp">
      <Filter>Source Files</Filter>
    </ClCompile>
    <ClCompile Include="external_libaries\include\imGUI\imgui_impl_opengl3.cpp">
      <Filter>Source Files</Filter>
    </ClCompile>
    <ClCompile Include="external_libaries\include\imGUI\imgui_tables.cpp">
      <Filter>Source Files</Filter>
    </ClCompile>
    <ClCompile Include="external_libaries\include\imGUI\imgui_widgets.cpp">
      <Filter>Source Files</Filter>
    </ClCompile>
    <ClCompile Include="Core\Wrapper\CPP\XInput_Wrapper.cpp">
      <Filter>Source Files</Filter>
    </ClCompile>
    <ClCompile Include="Requirements\glad.c">
      <Filter>Source Files</Filter>
    </ClCompile>
    <ClCompile Include="Core\Structure\CPP\Mesh.cpp">
      <Filter>Source Files</Filter>
    </ClCompile>
    <ClCompile Include="Core\Structure\CPP\Model.cpp">
      <Filter>Source Files</Filter>
    </ClCompile>
    <ClCompile Include="Core\Managers\CPP\MeshManager.cpp">
      <Filter>Source Files</Filter>
    </ClCompile>
    <ClCompile Include="Entities\CPP\Line.cpp">
      <Filter>Source Files</Filter>
    </ClCompile>
    <ClCompile Include="Entities\CPP\Container.cpp">
      <Filter>Source Files</Filter>
    </ClCompile>
    <ClCompile Include="Entities\CPP\AquaPig.cpp">
      <Filter>Source Files</Filter>
    </ClCompile>
    <ClCompile Include="Entities\CPP\BaseGrid.cpp">
      <Filter>Source Files</Filter>
    </ClCompile>
    <ClCompile Include="Entities\CPP\Plane.cpp">
      <Filter>Source Files</Filter>
    </ClCompile>
    <ClCompile Include="Entities\CPP\Grass.cpp">
      <Filter>Source Files</Filter>
    </ClCompile>
    <ClCompile Include="Entities\CPP\TransparentEntity.cpp">
      <Filter>Source Files</Filter>
    </ClCompile>
    <ClCompile Include="Entities\CPP\SkyBox.cpp">
      <Filter>Source Files</Filter>
    </ClCompile>
    <ClCompile Include="Core\Graphics\CPP\PostProcessing.cpp">
      <Filter>Source Files</Filter>
    </ClCompile>
    <ClCompile Include="OpenGL_Abstraction\CPP\UniformBufferObject.cpp">
      <Filter>Source Files</Filter>
    </ClCompile>
    <ClCompile Include="Entities\CPP\Backpack.cpp">
      <Filter>Source Files</Filter>
    </ClCompile>
  </ItemGroup>
  <ItemGroup>
    <ClInclude Include="Core\Graphics\H\Window.h">
      <Filter>Header Files</Filter>
    </ClInclude>
    <ClInclude Include="Core\Graphics\H\Renderer.h">
      <Filter>Header Files</Filter>
    </ClInclude>
    <ClInclude Include="Core\Managers\H\ShaderManager.h">
      <Filter>Header Files</Filter>
    </ClInclude>
    <ClInclude Include="Misc\H\Helper.h">
      <Filter>Header Files</Filter>
    </ClInclude>
    <ClInclude Include="Entities\H\Entity.h">
      <Filter>Header Files</Filter>
    </ClInclude>
    <ClInclude Include="Entities\H\Container.h">
      <Filter>Header Files</Filter>
    </ClInclude>
    <ClInclude Include="Core\Structure\H\Camera.h">
      <Filter>Header Files</Filter>
    </ClInclude>
    <ClInclude Include="OpenGL_Abstraction\H\Shader.h">
      <Filter>Header Files</Filter>
    </ClInclude>
    <ClInclude Include="Core\Managers\H\InputManager.h">
      <Filter>Header Files</Filter>
    </ClInclude>
    <ClInclude Include="Core\Framework\H\BaseLayer.h">
      <Filter>Header Files</Filter>
    </ClInclude>
    <ClInclude Include="Core\Framework\H\Application.h">
      <Filter>Header Files</Filter>
    </ClInclude>
    <ClInclude Include="Core\Framework\H\SandBoxLayer.h">
      <Filter>Header Files</Filter>
    </ClInclude>
    <ClInclude Include="Core\Structure\H\Mesh.h">
      <Filter>Header Files</Filter>
    </ClInclude>
    <ClInclude Include="Core\Structure\H\Texture.h">
      <Filter>Header Files</Filter>
    </ClInclude>
    <ClInclude Include="Core\Managers\H\TextureManager.h">
      <Filter>Header Files</Filter>
    </ClInclude>
    <ClInclude Include="Core\Managers\H\LightManager.h">
      <Filter>Header Files</Filter>
    </ClInclude>
    <ClInclude Include="external_libaries\include\STB_ImageLoader\stb_image.h">
      <Filter>Header Files</Filter>
    </ClInclude>
    <ClInclude Include="external_libaries\include\imGUI\imconfig.h">
      <Filter>Header Files</Filter>
    </ClInclude>
    <ClInclude Include="external_libaries\include\imGUI\imgui.h">
      <Filter>Header Files</Filter>
    </ClInclude>
    <ClInclude Include="external_libaries\include\imGUI\imgui_impl_glfw.h">
      <Filter>Header Files</Filter>
    </ClInclude>
    <ClInclude Include="external_libaries\include\imGUI\imgui_impl_opengl3.h">
      <Filter>Header Files</Filter>
    </ClInclude>
    <ClInclude Include="external_libaries\include\imGUI\imgui_internal.h">
      <Filter>Header Files</Filter>
    </ClInclude>
    <ClInclude Include="external_libaries\include\imGUI\imstb_rectpack.h">
      <Filter>Header Files</Filter>
    </ClInclude>
    <ClInclude Include="external_libaries\include\imGUI\imstb_textedit.h">
      <Filter>Header Files</Filter>
    </ClInclude>
    <ClInclude Include="external_libaries\include\imGUI\imstb_truetype.h">
      <Filter>Header Files</Filter>
    </ClInclude>
    <ClInclude Include="external_libaries\include\imGUI\imgui_impl_opengl3_loader.h">
      <Filter>Header Files</Filter>
    </ClInclude>
    <ClInclude Include="Core\Wrapper\H\XInput_Wrapper.h">
      <Filter>Header Files</Filter>
    </ClInclude>
    <ClInclude Include="Core\Structure\H\Model.h">
      <Filter>Header Files</Filter>
    </ClInclude>
    <ClInclude Include="Core\Managers\H\MeshManager.h">
      <Filter>Header Files</Filter>
    </ClInclude>
    <ClInclude Include="Entities\H\Line.h">
      <Filter>Header Files</Filter>
    </ClInclude>
    <ClInclude Include="Entities\H\AquaPig.h">
      <Filter>Header Files</Filter>
    </ClInclude>
    <ClInclude Include="Entities\H\BaseGrid.h">
      <Filter>Header Files</Filter>
    </ClInclude>
    <ClInclude Include="Entities\H\Plane.h">
      <Filter>Header Files</Filter>
    </ClInclude>
    <ClInclude Include="Entities\H\Grass.h">
      <Filter>Header Files</Filter>
    </ClInclude>
    <ClInclude Include="Entities\H\TransparentEntity.h">
      <Filter>Header Files</Filter>
    </ClInclude>
    <ClInclude Include="OpenGL_Abstraction\H\Framebuffer.h">
      <Filter>Header Files</Filter>
    </ClInclude>
    <ClInclude Include="Entities\H\SkyBox.h">
      <Filter>Header Files</Filter>
    </ClInclude>
    <ClInclude Include="OpenGL_Abstraction\H\CubeMap.h">
      <Filter>Header Files</Filter>
    </ClInclude>
    <ClInclude Include="Core\Graphics\H\PostProcessing.h">
      <Filter>Header Files</Filter>
    </ClInclude>
    <ClInclude Include="OpenGL_Abstraction\H\UniformBufferObject.h">
      <Filter>Header Files</Filter>
    </ClInclude>
    <ClInclude Include="Entities\H\Backpack.h">
      <Filter>Header Files</Filter>
    </ClInclude>
  </ItemGroup>
  <ItemGroup>
    <Text Include="Data\Shaders\fragment_shader.vs.txt" />
    <Text Include="Data\Shaders\vertex_shader.vs.txt" />
  </ItemGroup>
  <ItemGroup>
    <None Include="Data\Shaders\Main\defaultVertexShader.vert" />
    <None Include="Data\Shaders\Main\defaultFragmentShader.frag" />
    <None Include="Data\Shaders\Basic Position uColor\lightCubeVertexShader.vert" />
    <None Include="Data\Shaders\Basic Position uColor\lightCubeFragmentShader.frag" />
    <None Include="Data\Shaders\Basic Position Color\Position-Color.vert" />
    <None Include="Data\Shaders\Basic Position Color\Position-Color.frag" />
    <None Include="Data\Shaders\Discard Alpha\DiscardAlpha.frag" />
    <None Include="Data\Shaders\Discard Alpha\DiscardAlpha.vert" />
    <None Include="Data\Shaders\Post Processing\frameBufferQuad.vert" />
    <None Include="Data\Shaders\Post Processing\frameBufferQuad.frag" />
    <None Include="Data\Shaders\SkyBox\SkyBox.vert" />
    <None Include="Data\Shaders\SkyBox\SkyBox.frag" />
    <None Include="Data\Shaders\Explosion\explode_primitives.geom" />
    <None Include="Data\Shaders\Draw Normals\draw_normals.vert" />
    <None Include="Data\Shaders\Draw Normals\draw_normals.geom" />
    <None Include="Data\Shaders\Draw Normals\draw_normals.frag" />
    <None Include="Data\Shaders\Explosion\explode_primitives.vert" />
    <None Include="Data\Shaders\Learn Shader\learn.vert" />
  </ItemGroup>
  <ItemGroup>
    <Image Include="Data\Textures\Box.png">
      <Filter>Resource Files</Filter>
    </Image>
    <Image Include="Data\Textures\BoxEmission.png">
      <Filter>Resource Files</Filter>
    </Image>
    <Image Include="Data\Textures\BoxSpec.png">
      <Filter>Resource Files</Filter>
    </Image>
  </ItemGroup>
</Project>